
Microsoft Visual Studio Solution File, Format Version 12.00
Project("{FAE04EC0-301F-11D3-BF4B-00C04F79EFBC}") = "SolveLabs", "SolveLabs.csproj", "{C6B5DDBC-6A3A-4506-BE32-CB51A4F78304}"
EndProject
Global
	GlobalSection(SolutionConfigurationPlatforms) = preSolution
		Debug|Any CPU = Debug|Any CPU
		Release|Any CPU = Release|Any CPU
	EndGlobalSection
	GlobalSection(ProjectConfigurationPlatforms) = postSolution
		{C6B5DDBC-6A3A-4506-BE32-CB51A4F78304}.Debug|Any CPU.ActiveCfg = Debug|Any CPU
		{C6B5DDBC-6A3A-4506-BE32-CB51A4F78304}.Debug|Any CPU.Build.0 = Debug|Any CPU
		{C6B5DDBC-6A3A-4506-BE32-CB51A4F78304}.Release|Any CPU.ActiveCfg = Release|Any CPU
		{C6B5DDBC-6A3A-4506-BE32-CB51A4F78304}.Release|Any CPU.Build.0 = Release|Any CPU
	EndGlobalSection
EndGlobal
